// !$*UTF8*$!
{
	archiveVersion = 1;
	classes = {
	};
	objectVersion = 56;
	objects = {

/* Begin PBXBuildFile section */
		A7340F622A597C2A0057EAD9 /* BookWormApp.swift in Sources */ = {isa = PBXBuildFile; fileRef = A7340F612A597C2A0057EAD9 /* BookWormApp.swift */; };
		A7340F642A597C2A0057EAD9 /* ContentView.swift in Sources */ = {isa = PBXBuildFile; fileRef = A7340F632A597C2A0057EAD9 /* ContentView.swift */; };
		A7340F662A597C2B0057EAD9 /* Assets.xcassets in Resources */ = {isa = PBXBuildFile; fileRef = A7340F652A597C2B0057EAD9 /* Assets.xcassets */; };
		A7340F692A597C2B0057EAD9 /* Preview Assets.xcassets in Resources */ = {isa = PBXBuildFile; fileRef = A7340F682A597C2B0057EAD9 /* Preview Assets.xcassets */; };
		A7340F712A597C580057EAD9 /* PracView1.swift in Sources */ = {isa = PBXBuildFile; fileRef = A7340F702A597C580057EAD9 /* PracView1.swift */; };
		A7340F732A597C8D0057EAD9 /* PushButtonView.swift in Sources */ = {isa = PBXBuildFile; fileRef = A7340F722A597C8D0057EAD9 /* PushButtonView.swift */; };
		A7340F752A5983230057EAD9 /* TextEditorView.swift in Sources */ = {isa = PBXBuildFile; fileRef = A7340F742A5983230057EAD9 /* TextEditorView.swift */; };
		A7340F772A5984F40057EAD9 /* NotesArrayView.swift in Sources */ = {isa = PBXBuildFile; fileRef = A7340F762A5984F40057EAD9 /* NotesArrayView.swift */; };
		A7DD61542A59C0A3007AA3EC /* Bookworm.xcdatamodeld in Sources */ = {isa = PBXBuildFile; fileRef = A7DD61522A59C0A3007AA3EC /* Bookworm.xcdatamodeld */; };
		A7DD61562A59C39E007AA3EC /* DataController.swift in Sources */ = {isa = PBXBuildFile; fileRef = A7DD61552A59C39E007AA3EC /* DataController.swift */; };
/* End PBXBuildFile section */

/* Begin PBXFileReference section */
		A7340F5E2A597C2A0057EAD9 /* BookWorm.app */ = {isa = PBXFileReference; explicitFileType = wrapper.application; includeInIndex = 0; path = BookWorm.app; sourceTree = BUILT_PRODUCTS_DIR; };
		A7340F612A597C2A0057EAD9 /* BookWormApp.swift */ = {isa = PBXFileReference; lastKnownFileType = sourcecode.swift; path = BookWormApp.swift; sourceTree = "<group>"; };
		A7340F632A597C2A0057EAD9 /* ContentView.swift */ = {isa = PBXFileReference; lastKnownFileType = sourcecode.swift; path = ContentView.swift; sourceTree = "<group>"; };
		A7340F652A597C2B0057EAD9 /* Assets.xcassets */ = {isa = PBXFileReference; lastKnownFileType = folder.assetcatalog; path = Assets.xcassets; sourceTree = "<group>"; };
		A7340F682A597C2B0057EAD9 /* Preview Assets.xcassets */ = {isa = PBXFileReference; lastKnownFileType = folder.assetcatalog; path = "Preview Assets.xcassets"; sourceTree = "<group>"; };
		A7340F702A597C580057EAD9 /* PracView1.swift */ = {isa = PBXFileReference; lastKnownFileType = sourcecode.swift; path = PracView1.swift; sourceTree = "<group>"; };
		A7340F722A597C8D0057EAD9 /* PushButtonView.swift */ = {isa = PBXFileReference; lastKnownFileType = sourcecode.swift; path = PushButtonView.swift; sourceTree = "<group>"; };
		A7340F742A5983230057EAD9 /* TextEditorView.swift */ = {isa = PBXFileReference; lastKnownFileType = sourcecode.swift; path = TextEditorView.swift; sourceTree = "<group>"; };
		A7340F762A5984F40057EAD9 /* NotesArrayView.swift */ = {isa = PBXFileReference; lastKnownFileType = sourcecode.swift; path = NotesArrayView.swift; sourceTree = "<group>"; };
		A7DD61532A59C0A3007AA3EC /* Bookworm.xcdatamodel */ = {isa = PBXFileReference; lastKnownFileType = wrapper.xcdatamodel; path = Bookworm.xcdatamodel; sourceTree = "<group>"; };
		A7DD61552A59C39E007AA3EC /* DataController.swift */ = {isa = PBXFileReference; lastKnownFileType = sourcecode.swift; path = DataController.swift; sourceTree = "<group>"; };
/* End PBXFileReference section */

/* Begin PBXFrameworksBuildPhase section */
		A7340F5B2A597C2A0057EAD9 /* Frameworks */ = {
			isa = PBXFrameworksBuildPhase;
			buildActionMask = 2147483647;
			files = (
			);
			runOnlyForDeploymentPostprocessing = 0;
		};
/* End PBXFrameworksBuildPhase section */

/* Begin PBXGroup section */
		A7340F552A597C2A0057EAD9 = {
			isa = PBXGroup;
			children = (
				A7340F602A597C2A0057EAD9 /* BookWorm */,
				A7340F5F2A597C2A0057EAD9 /* Products */,
			);
			sourceTree = "<group>";
		};
		A7340F5F2A597C2A0057EAD9 /* Products */ = {
			isa = PBXGroup;
			children = (
				A7340F5E2A597C2A0057EAD9 /* BookWorm.app */,
			);
			name = Products;
			sourceTree = "<group>";
		};
		A7340F602A597C2A0057EAD9 /* BookWorm */ = {
			isa = PBXGroup;
			children = (
				A7340F612A597C2A0057EAD9 /* BookWormApp.swift */,
				A7340F632A597C2A0057EAD9 /* ContentView.swift */,
				A7DD61522A59C0A3007AA3EC /* Bookworm.xcdatamodeld */,
				A7DD61552A59C39E007AA3EC /* DataController.swift */,
				A7340F6F2A597C370057EAD9 /* PracticeView */,
				A7340F652A597C2B0057EAD9 /* Assets.xcassets */,
				A7340F672A597C2B0057EAD9 /* Preview Content */,
			);
			path = BookWorm;
			sourceTree = "<group>";
		};
		A7340F672A597C2B0057EAD9 /* Preview Content */ = {
			isa = PBXGroup;
			children = (
				A7340F682A597C2B0057EAD9 /* Preview Assets.xcassets */,
			);
			path = "Preview Content";
			sourceTree = "<group>";
		};
		A7340F6F2A597C370057EAD9 /* PracticeView */ = {
			isa = PBXGroup;
			children = (
				A7340F702A597C580057EAD9 /* PracView1.swift */,
				A7340F722A597C8D0057EAD9 /* PushButtonView.swift */,
				A7340F742A5983230057EAD9 /* TextEditorView.swift */,
				A7340F762A5984F40057EAD9 /* NotesArrayView.swift */,
			);
			path = PracticeView;
			sourceTree = "<group>";
		};
/* End PBXGroup section */

/* Begin PBXNativeTarget section */
		A7340F5D2A597C2A0057EAD9 /* BookWorm */ = {
			isa = PBXNativeTarget;
			buildConfigurationList = A7340F6C2A597C2B0057EAD9 /* Build configuration list for PBXNativeTarget "BookWorm" */;
			buildPhases = (
				A7340F5A2A597C2A0057EAD9 /* Sources */,
				A7340F5B2A597C2A0057EAD9 /* Frameworks */,
				A7340F5C2A597C2A0057EAD9 /* Resources */,
			);
			buildRules = (
			);
			dependencies = (
			);
			name = BookWorm;
			productName = BookWorm;
			productReference = A7340F5E2A597C2A0057EAD9 /* BookWorm.app */;
			productType = "com.apple.product-type.application";
		};
/* End PBXNativeTarget section */

/* Begin PBXProject section */
		A7340F562A597C2A0057EAD9 /* Project object */ = {
			isa = PBXProject;
			attributes = {
				BuildIndependentTargetsInParallel = 1;
				LastSwiftUpdateCheck = 1430;
				LastUpgradeCheck = 1430;
				TargetAttributes = {
					A7340F5D2A597C2A0057EAD9 = {
						CreatedOnToolsVersion = 14.3.1;
					};
				};
			};
			buildConfigurationList = A7340F592A597C2A0057EAD9 /* Build configuration list for PBXProject "BookWorm" */;
			compatibilityVersion = "Xcode 14.0";
			developmentRegion = en;
			hasScannedForEncodings = 0;
			knownRegions = (
				en,
				Base,
			);
			mainGroup = A7340F552A597C2A0057EAD9;
			productRefGroup = A7340F5F2A597C2A0057EAD9 /* Products */;
			projectDirPath = "";
			projectRoot = "";
			targets = (
				A7340F5D2A597C2A0057EAD9 /* BookWorm */,
			);
		};
/* End PBXProject section */

/* Begin PBXResourcesBuildPhase section */
		A7340F5C2A597C2A0057EAD9 /* Resources */ = {
			isa = PBXResourcesBuildPhase;
			buildActionMask = 2147483647;
			files = (
				A7340F692A597C2B0057EAD9 /* Preview Assets.xcassets in Resources */,
				A7340F662A597C2B0057EAD9 /* Assets.xcassets in Resources */,
			);
			runOnlyForDeploymentPostprocessing = 0;
		};
/* End PBXResourcesBuildPhase section */

/* Begin PBXSourcesBuildPhase section */
		A7340F5A2A597C2A0057EAD9 /* Sources */ = {
			isa = PBXSourcesBuildPhase;
			buildActionMask = 2147483647;
			files = (
				A7340F642A597C2A0057EAD9 /* ContentView.swift in Sources */,
				A7340F712A597C580057EAD9 /* PracView1.swift in Sources */,
				A7340F772A5984F40057EAD9 /* NotesArrayView.swift in Sources */,
				A7340F732A597C8D0057EAD9 /* PushButtonView.swift in Sources */,
				A7340F752A5983230057EAD9 /* TextEditorView.swift in Sources */,
				A7DD61562A59C39E007AA3EC /* DataController.swift in Sources */,
				A7340F622A597C2A0057EAD9 /* BookWormApp.swift in Sources */,
				A7DD61542A59C0A3007AA3EC /* Bookworm.xcdatamodeld in Sources */,
			);
			runOnlyForDeploymentPostprocessing = 0;
		};
/* End PBXSourcesBuildPhase section */

/* Begin XCBuildConfiguration section */
		A7340F6A2A597C2B0057EAD9 /* Debug */ = {
			isa = XCBuildConfiguration;
			buildSettings = {
				ALWAYS_SEARCH_USER_PATHS = NO;
				CLANG_ANALYZER_NONNULL = YES;
				CLANG_ANALYZER_NUMBER_OBJECT_CONVERSION = YES_AGGRESSIVE;
				CLANG_CXX_LANGUAGE_STANDARD = "gnu++20";
				CLANG_ENABLE_MODULES = YES;
				CLANG_ENABLE_OBJC_ARC = YES;
				CLANG_ENABLE_OBJC_WEAK = YES;
				CLANG_WARN_BLOCK_CAPTURE_AUTORELEASING = YES;
				CLANG_WARN_BOOL_CONVERSION = YES;
				CLANG_WARN_COMMA = YES;
				CLANG_WARN_CONSTANT_CONVERSION = YES;
				CLANG_WARN_DEPRECATED_OBJC_IMPLEMENTATIONS = YES;
				CLANG_WARN_DIRECT_OBJC_ISA_USAGE = YES_ERROR;
				CLANG_WARN_DOCUMENTATION_COMMENTS = YES;
				CLANG_WARN_EMPTY_BODY = YES;
				CLANG_WARN_ENUM_CONVERSION = YES;
				CLANG_WARN_INFINITE_RECURSION = YES;
				CLANG_WARN_INT_CONVERSION = YES;
				CLANG_WARN_NON_LITERAL_NULL_CONVERSION = YES;
				CLANG_WARN_OBJC_IMPLICIT_RETAIN_SELF = YES;
				CLANG_WARN_OBJC_LITERAL_CONVERSION = YES;
				CLANG_WARN_OBJC_ROOT_CLASS = YES_ERROR;
				CLANG_WARN_QUOTED_INCLUDE_IN_FRAMEWORK_HEADER = YES;
				CLANG_WARN_RANGE_LOOP_ANALYSIS = YES;
				CLANG_WARN_STRICT_PROTOTYPES = YES;
				CLANG_WARN_SUSPICIOUS_MOVE = YES;
				CLANG_WARN_UNGUARDED_AVAILABILITY = YES_AGGRESSIVE;
				CLANG_WARN_UNREACHABLE_CODE = YES;
				CLANG_WARN__DUPLICATE_METHOD_MATCH = YES;
				COPY_PHASE_STRIP = NO;
				DEBUG_INFORMATION_FORMAT = dwarf;
				ENABLE_STRICT_OBJC_MSGSEND = YES;
				ENABLE_TESTABILITY = YES;
				GCC_C_LANGUAGE_STANDARD = gnu11;
				GCC_DYNAMIC_NO_PIC = NO;
				GCC_NO_COMMON_BLOCKS = YES;
				GCC_OPTIMIZATION_LEVEL = 0;
				GCC_PREPROCESSOR_DEFINITIONS = (
					"DEBUG=1",
					"$(inherited)",
				);
				GCC_WARN_64_TO_32_BIT_CONVERSION = YES;
				GCC_WARN_ABOUT_RETURN_TYPE = YES_ERROR;
				GCC_WARN_UNDECLARED_SELECTOR = YES;
				GCC_WARN_UNINITIALIZED_AUTOS = YES_AGGRESSIVE;
				GCC_WARN_UNUSED_FUNCTION = YES;
				GCC_WARN_UNUSED_VARIABLE = YES;
				IPHONEOS_DEPLOYMENT_TARGET = 16.4;
				MTL_ENABLE_DEBUG_INFO = INCLUDE_SOURCE;
				MTL_FAST_MATH = YES;
				ONLY_ACTIVE_ARCH = YES;
				SDKROOT = iphoneos;
				SWIFT_ACTIVE_COMPILATION_CONDITIONS = DEBUG;
				SWIFT_OPTIMIZATION_LEVEL = "-Onone";
			};
			name = Debug;
		};
		A7340F6B2A597C2B0057EAD9 /* Release */ = {
			isa = XCBuildConfiguration;
			buildSettings = {
				ALWAYS_SEARCH_USER_PATHS = NO;
				CLANG_ANALYZER_NONNULL = YES;
				CLANG_ANALYZER_NUMBER_OBJECT_CONVERSION = YES_AGGRESSIVE;
				CLANG_CXX_LANGUAGE_STANDARD = "gnu++20";
				CLANG_ENABLE_MODULES = YES;
				CLANG_ENABLE_OBJC_ARC = YES;
				CLANG_ENABLE_OBJC_WEAK = YES;
				CLANG_WARN_BLOCK_CAPTURE_AUTORELEASING = YES;
				CLANG_WARN_BOOL_CONVERSION = YES;
				CLANG_WARN_COMMA = YES;
				CLANG_WARN_CONSTANT_CONVERSION = YES;
				CLANG_WARN_DEPRECATED_OBJC_IMPLEMENTATIONS = YES;
				CLANG_WARN_DIRECT_OBJC_ISA_USAGE = YES_ERROR;
				CLANG_WARN_DOCUMENTATION_COMMENTS = YES;
				CLANG_WARN_EMPTY_BODY = YES;
				CLANG_WARN_ENUM_CONVERSION = YES;
				CLANG_WARN_INFINITE_RECURSION = YES;
				CLANG_WARN_INT_CONVERSION = YES;
				CLANG_WARN_NON_LITERAL_NULL_CONVERSION = YES;
				CLANG_WARN_OBJC_IMPLICIT_RETAIN_SELF = YES;
				CLANG_WARN_OBJC_LITERAL_CONVERSION = YES;
				CLANG_WARN_OBJC_ROOT_CLASS = YES_ERROR;
				CLANG_WARN_QUOTED_INCLUDE_IN_FRAMEWORK_HEADER = YES;
				CLANG_WARN_RANGE_LOOP_ANALYSIS = YES;
				CLANG_WARN_STRICT_PROTOTYPES = YES;
				CLANG_WARN_SUSPICIOUS_MOVE = YES;
				CLANG_WARN_UNGUARDED_AVAILABILITY = YES_AGGRESSIVE;
				CLANG_WARN_UNREACHABLE_CODE = YES;
				CLANG_WARN__DUPLICATE_METHOD_MATCH = YES;
				COPY_PHASE_STRIP = NO;
				DEBUG_INFORMATION_FORMAT = "dwarf-with-dsym";
				ENABLE_NS_ASSERTIONS = NO;
				ENABLE_STRICT_OBJC_MSGSEND = YES;
				GCC_C_LANGUAGE_STANDARD = gnu11;
				GCC_NO_COMMON_BLOCKS = YES;
				GCC_WARN_64_TO_32_BIT_CONVERSION = YES;
				GCC_WARN_ABOUT_RETURN_TYPE = YES_ERROR;
				GCC_WARN_UNDECLARED_SELECTOR = YES;
				GCC_WARN_UNINITIALIZED_AUTOS = YES_AGGRESSIVE;
				GCC_WARN_UNUSED_FUNCTION = YES;
				GCC_WARN_UNUSED_VARIABLE = YES;
				IPHONEOS_DEPLOYMENT_TARGET = 16.4;
				MTL_ENABLE_DEBUG_INFO = NO;
				MTL_FAST_MATH = YES;
				SDKROOT = iphoneos;
				SWIFT_COMPILATION_MODE = wholemodule;
				SWIFT_OPTIMIZATION_LEVEL = "-O";
				VALIDATE_PRODUCT = YES;
			};
			name = Release;
		};
		A7340F6D2A597C2B0057EAD9 /* Debug */ = {
			isa = XCBuildConfiguration;
			buildSettings = {
				ASSETCATALOG_COMPILER_APPICON_NAME = AppIcon;
				ASSETCATALOG_COMPILER_GLOBAL_ACCENT_COLOR_NAME = AccentColor;
				CODE_SIGN_STYLE = Automatic;
				CURRENT_PROJECT_VERSION = 1;
				DEVELOPMENT_ASSET_PATHS = "\"BookWorm/Preview Content\"";
				ENABLE_PREVIEWS = YES;
				GENERATE_INFOPLIST_FILE = YES;
				INFOPLIST_KEY_UIApplicationSceneManifest_Generation = YES;
				INFOPLIST_KEY_UIApplicationSupportsIndirectInputEvents = YES;
				INFOPLIST_KEY_UILaunchScreen_Generation = YES;
				INFOPLIST_KEY_UISupportedInterfaceOrientations_iPad = "UIInterfaceOrientationPortrait UIInterfaceOrientationPortraitUpsideDown UIInterfaceOrientationLandscapeLeft UIInterfaceOrientationLandscapeRight";
				INFOPLIST_KEY_UISupportedInterfaceOrientations_iPhone = "UIInterfaceOrientationPortrait UIInterfaceOrientationLandscapeLeft UIInterfaceOrientationLandscapeRight";
				LD_RUNPATH_SEARCH_PATHS = (
					"$(inherited)",
					"@executable_path/Frameworks",
				);
				MARKETING_VERSION = 1.0;
				PRODUCT_BUNDLE_IDENTIFIER = me.uk.BookWorm;
				PRODUCT_NAME = "$(TARGET_NAME)";
				SWIFT_EMIT_LOC_STRINGS = YES;
				SWIFT_VERSION = 5.0;
				TARGETED_DEVICE_FAMILY = "1,2";
			};
			name = Debug;
		};
		A7340F6E2A597C2B0057EAD9 /* Release */ = {
			isa = XCBuildConfiguration;
			buildSettings = {
				ASSETCATALOG_COMPILER_APPICON_NAME = AppIcon;
				ASSETCATALOG_COMPILER_GLOBAL_ACCENT_COLOR_NAME = AccentColor;
				CODE_SIGN_STYLE = Automatic;
				CURRENT_PROJECT_VERSION = 1;
				DEVELOPMENT_ASSET_PATHS = "\"BookWorm/Preview Content\"";
				ENABLE_PREVIEWS = YES;
				GENERATE_INFOPLIST_FILE = YES;
				INFOPLIST_KEY_UIApplicationSceneManifest_Generation = YES;
				INFOPLIST_KEY_UIApplicationSupportsIndirectInputEvents = YES;
				INFOPLIST_KEY_UILaunchScreen_Generation = YES;
				INFOPLIST_KEY_UISupportedInterfaceOrientations_iPad = "UIInterfaceOrientationPortrait UIInterfaceOrientationPortraitUpsideDown UIInterfaceOrientationLandscapeLeft UIInterfaceOrientationLandscapeRight";
				INFOPLIST_KEY_UISupportedInterfaceOrientations_iPhone = "UIInterfaceOrientationPortrait UIInterfaceOrientationLandscapeLeft UIInterfaceOrientationLandscapeRight";
				LD_RUNPATH_SEARCH_PATHS = (
					"$(inherited)",
					"@executable_path/Frameworks",
				);
				MARKETING_VERSION = 1.0;
				PRODUCT_BUNDLE_IDENTIFIER = me.uk.BookWorm;
				PRODUCT_NAME = "$(TARGET_NAME)";
				SWIFT_EMIT_LOC_STRINGS = YES;
				SWIFT_VERSION = 5.0;
				TARGETED_DEVICE_FAMILY = "1,2";
			};
			name = Release;
		};
/* End XCBuildConfiguration section */

/* Begin XCConfigurationList section */
		A7340F592A597C2A0057EAD9 /* Build configuration list for PBXProject "BookWorm" */ = {
			isa = XCConfigurationList;
			buildConfigurations = (
				A7340F6A2A597C2B0057EAD9 /* Debug */,
				A7340F6B2A597C2B0057EAD9 /* Release */,
			);
			defaultConfigurationIsVisible = 0;
			defaultConfigurationName = Release;
		};
		A7340F6C2A597C2B0057EAD9 /* Build configuration list for PBXNativeTarget "BookWorm" */ = {
			isa = XCConfigurationList;
			buildConfigurations = (
				A7340F6D2A597C2B0057EAD9 /* Debug */,
				A7340F6E2A597C2B0057EAD9 /* Release */,
			);
			defaultConfigurationIsVisible = 0;
			defaultConfigurationName = Release;
		};
/* End XCConfigurationList section */

/* Begin XCVersionGroup section */
		A7DD61522A59C0A3007AA3EC /* Bookworm.xcdatamodeld */ = {
			isa = XCVersionGroup;
			children = (
				A7DD61532A59C0A3007AA3EC /* Bookworm.xcdatamodel */,
			);
			currentVersion = A7DD61532A59C0A3007AA3EC /* Bookworm.xcdatamodel */;
			path = Bookworm.xcdatamodeld;
			sourceTree = "<group>";
			versionGroupType = wrapper.xcdatamodel;
		};
/* End XCVersionGroup section */
	};
	rootObject = A7340F562A597C2A0057EAD9 /* Project object */;
}
